{
  "name": "vue3-proxy",
  "version": "1.0.0",
  "lockfileVersion": 1,
  "requires": true,
  "dependencies": {
    "@vue/reactivity": {
      "version": "3.0.0-rc.10",
      "resolved": "https://registry.npmjs.org/@vue/reactivity/-/reactivity-3.0.0-rc.10.tgz",
      "integrity": "sha512-mkUZfOJlbqGZx2cARmhCs5r2+xLJPL7VFNagmlA3Fd66ZXBc3ZvTQdYsY4VUbYJFe5ByIzqu9TZiAkzXY+JVaA==",
      "dev": true,
      "requires": {
        "@vue/shared": "3.0.0-rc.10"
      }
    },
    "@vue/shared": {
      "version": "3.0.0-rc.10",
      "resolved": "https://registry.npmjs.org/@vue/shared/-/shared-3.0.0-rc.10.tgz",
      "integrity": "sha512-fI6gVhhgb3cAmEkY4oeVVA2hWZ2xvkgogHdBI5PL7gSvZnOB6XZ2eQGsYjC4W+7BegvEkoMBuZsFXVa4ZQ07XQ==",
      "dev": true
    }
  }
}
